
Microsoft Visual Studio Solution File, Format Version 12.00
# Visual Studio Version 16
VisualStudioVersion = 16.0.31624.102
MinimumVisualStudioVersion = 10.0.40219.1
Project("{FAE04EC0-301F-11D3-BF4B-00C04F79EFBC}") = "ProjetoProgramacaoVisual", "ProjetoProgramacaoVisual.csproj", "{D45265C6-80C3-4636-B21D-7DA88167AEEB}"
EndProject
Global
	GlobalSection(SolutionConfigurationPlatforms) = preSolution
		Debug|Any CPU = Debug|Any CPU
		Release|Any CPU = Release|Any CPU
	EndGlobalSection
	GlobalSection(ProjectConfigurationPlatforms) = postSolution
		{D45265C6-80C3-4636-B21D-7DA88167AEEB}.Debug|Any CPU.ActiveCfg = Debug|Any CPU
		{D45265C6-80C3-4636-B21D-7DA88167AEEB}.Debug|Any CPU.Build.0 = Debug|Any CPU
		{D45265C6-80C3-4636-B21D-7DA88167AEEB}.Release|Any CPU.ActiveCfg = Release|Any CPU
		{D45265C6-80C3-4636-B21D-7DA88167AEEB}.Release|Any CPU.Build.0 = Release|Any CPU
	EndGlobalSection
	GlobalSection(SolutionProperties) = preSolution
		HideSolutionNode = FALSE
	EndGlobalSection
	GlobalSection(ExtensibilityGlobals) = postSolution
		SolutionGuid = {21B899E1-AAA1-432F-B808-E68D7FC38501}
	EndGlobalSection
EndGlobal
